
Microsoft Visual Studio Solution File, Format Version 12.00
# Visual Studio Version 16
VisualStudioVersion = 16.0.30907.101
MinimumVisualStudioVersion = 10.0.40219.1
Project("{8BC9CEB8-8B4A-11D0-8D11-00A0C91BC942}") = "Game Snake", "Game Snake.vcxproj", "{8C8F990B-172A-494F-B924-DC4F93DE282F}"
EndProject
Global
	GlobalSection(SolutionConfigurationPlatforms) = preSolution
		Debug|x64 = Debug|x64
		Debug|x86 = Debug|x86
		Release|x64 = Release|x64
		Release|x86 = Release|x86
	EndGlobalSection
	GlobalSection(ProjectConfigurationPlatforms) = postSolution
		{8C8F990B-172A-494F-B924-DC4F93DE282F}.Debug|x64.ActiveCfg = Debug|x64
		{8C8F990B-172A-494F-B924-DC4F93DE282F}.Debug|x64.Build.0 = Debug|x64
		{8C8F990B-172A-494F-B924-DC4F93DE282F}.Debug|x86.ActiveCfg = Debug|Win32
		{8C8F990B-172A-494F-B924-DC4F93DE282F}.Debug|x86.Build.0 = Debug|Win32
		{8C8F990B-172A-494F-B924-DC4F93DE282F}.Release|x64.ActiveCfg = Release|x64
		{8C8F990B-172A-494F-B924-DC4F93DE282F}.Release|x64.Build.0 = Release|x64
		{8C8F990B-172A-494F-B924-DC4F93DE282F}.Release|x86.ActiveCfg = Release|Win32
		{8C8F990B-172A-494F-B924-DC4F93DE282F}.Release|x86.Build.0 = Release|Win32
	EndGlobalSection
	GlobalSection(SolutionProperties) = preSolution
		HideSolutionNode = FALSE
	EndGlobalSection
	GlobalSection(ExtensibilityGlobals) = postSolution
		SolutionGuid = {C0A7D859-8D7B-4B8E-9787-6BC4FCB369EE}
	EndGlobalSection
EndGlobal
